
Microsoft Visual Studio Solution File, Format Version 12.00
# Visual Studio Version 16
VisualStudioVersion = 16.0.31205.134
MinimumVisualStudioVersion = 10.0.40219.1
Project("{888888A0-9F3D-457C-B088-3A5042F75D52}") = "Python_practice 1", "Python_practice 1\Python_practice 1.pyproj", "{269C85E5-EBD6-4BEF-BD13-E4B05484703B}"
EndProject
Global
	GlobalSection(SolutionConfigurationPlatforms) = preSolution
		Debug|Any CPU = Debug|Any CPU
		Release|Any CPU = Release|Any CPU
	EndGlobalSection
	GlobalSection(ProjectConfigurationPlatforms) = postSolution
		{269C85E5-EBD6-4BEF-BD13-E4B05484703B}.Debug|Any CPU.ActiveCfg = Debug|Any CPU
		{269C85E5-EBD6-4BEF-BD13-E4B05484703B}.Release|Any CPU.ActiveCfg = Release|Any CPU
	EndGlobalSection
	GlobalSection(SolutionProperties) = preSolution
		HideSolutionNode = FALSE
	EndGlobalSection
	GlobalSection(ExtensibilityGlobals) = postSolution
		SolutionGuid = {8DCD221A-EDED-43C5-8FE6-624DE080385B}
	EndGlobalSection
EndGlobal
